
Microsoft Visual Studio Solution File, Format Version 12.00
# Visual Studio Version 16
VisualStudioVersion = 16.0.29709.97
MinimumVisualStudioVersion = 10.0.40219.1
Project("{FAE04EC0-301F-11D3-BF4B-00C04F79EFBC}") = "blazorprism", "blazorprism\blazorprism.csproj", "{1D8D2897-9EB4-49CB-902B-87FACF81AB15}"
EndProject
Global
	GlobalSection(SolutionConfigurationPlatforms) = preSolution
		Debug|Any CPU = Debug|Any CPU
		Release|Any CPU = Release|Any CPU
	EndGlobalSection
	GlobalSection(ProjectConfigurationPlatforms) = postSolution
		{1D8D2897-9EB4-49CB-902B-87FACF81AB15}.Debug|Any CPU.ActiveCfg = Debug|Any CPU
		{1D8D2897-9EB4-49CB-902B-87FACF81AB15}.Debug|Any CPU.Build.0 = Debug|Any CPU
		{1D8D2897-9EB4-49CB-902B-87FACF81AB15}.Release|Any CPU.ActiveCfg = Release|Any CPU
		{1D8D2897-9EB4-49CB-902B-87FACF81AB15}.Release|Any CPU.Build.0 = Release|Any CPU
	EndGlobalSection
	GlobalSection(SolutionProperties) = preSolution
		HideSolutionNode = FALSE
	EndGlobalSection
	GlobalSection(ExtensibilityGlobals) = postSolution
		SolutionGuid = {ED93A540-E2D1-4335-A5BB-85728EA4D9EC}
	EndGlobalSection
EndGlobal
